// !$*UTF8*$!
{
	archiveVersion = 1;
	classes = {
	};
	objectVersion = 51;
	objects = {

/* Begin PBXBuildFile section */
		480BC0FC2519A1E700611BF3 /* AppDelegate.swift in Sources */ = {isa = PBXBuildFile; fileRef = 480BC0FB2519A1E700611BF3 /* AppDelegate.swift */; };
		480BC0FE2519A1E700611BF3 /* SceneDelegate.swift in Sources */ = {isa = PBXBuildFile; fileRef = 480BC0FD2519A1E700611BF3 /* SceneDelegate.swift */; };
		480BC1032519A1E700611BF3 /* Main.storyboard in Resources */ = {isa = PBXBuildFile; fileRef = 480BC1012519A1E700611BF3 /* Main.storyboard */; };
		480BC1052519A1E800611BF3 /* Assets.xcassets in Resources */ = {isa = PBXBuildFile; fileRef = 480BC1042519A1E800611BF3 /* Assets.xcassets */; };
		480BC1082519A1E800611BF3 /* LaunchScreen.storyboard in Resources */ = {isa = PBXBuildFile; fileRef = 480BC1062519A1E800611BF3 /* LaunchScreen.storyboard */; };
		480BC1132519A1E800611BF3 /* FlixTests.swift in Sources */ = {isa = PBXBuildFile; fileRef = 480BC1122519A1E800611BF3 /* FlixTests.swift */; };
		480BC11E2519A1E800611BF3 /* FlixUITests.swift in Sources */ = {isa = PBXBuildFile; fileRef = 480BC11D2519A1E800611BF3 /* FlixUITests.swift */; };
		480BC1322519AA1100611BF3 /* MoviesViewController.swift in Sources */ = {isa = PBXBuildFile; fileRef = 480BC1312519AA1100611BF3 /* MoviesViewController.swift */; };
		480BC13A2519B21D00611BF3 /* MovieCell.swift in Sources */ = {isa = PBXBuildFile; fileRef = 480BC1392519B21D00611BF3 /* MovieCell.swift */; };
		48198BA02522543700F4563F /* MovieDetailsViewController.swift in Sources */ = {isa = PBXBuildFile; fileRef = 48198B9F2522543700F4563F /* MovieDetailsViewController.swift */; };
		4833D3072524DDF800B8894A /* MovieGridViewController.swift in Sources */ = {isa = PBXBuildFile; fileRef = 4833D3062524DDF800B8894A /* MovieGridViewController.swift */; };
		4833D30C2524E82100B8894A /* MovieGridCell.swift in Sources */ = {isa = PBXBuildFile; fileRef = 4833D30B2524E82100B8894A /* MovieGridCell.swift */; };
		667D8503029087450BC67A89 /* Pods_Flix_FlixUITests.framework in Frameworks */ = {isa = PBXBuildFile; fileRef = 94AD06ECC5140E7D409D6F47 /* Pods_Flix_FlixUITests.framework */; };
		A87F3B132451D897827EE256 /* Pods_Flix.framework in Frameworks */ = {isa = PBXBuildFile; fileRef = 6B3840E1D1217541E4FF8F74 /* Pods_Flix.framework */; };
		E039C94C549F8670D9E2F638 /* Pods_FlixTests.framework in Frameworks */ = {isa = PBXBuildFile; fileRef = 32C2684730FD296DEA8738DB /* Pods_FlixTests.framework */; };
/* End PBXBuildFile section */

/* Begin PBXContainerItemProxy section */
		480BC10F2519A1E800611BF3 /* PBXContainerItemProxy */ = {
			isa = PBXContainerItemProxy;
			containerPortal = 480BC0F02519A1E700611BF3 /* Project object */;
			proxyType = 1;
			remoteGlobalIDString = 480BC0F72519A1E700611BF3;
			remoteInfo = Flix;
		};
		480BC11A2519A1E800611BF3 /* PBXContainerItemProxy */ = {
			isa = PBXContainerItemProxy;
			containerPortal = 480BC0F02519A1E700611BF3 /* Project object */;
			proxyType = 1;
			remoteGlobalIDString = 480BC0F72519A1E700611BF3;
			remoteInfo = Flix;
		};
/* End PBXContainerItemProxy section */

/* Begin PBXFileReference section */
		161790F2033B1F7B7BD42AB3 /* Pods-Flix.debug.xcconfig */ = {isa = PBXFileReference; includeInIndex = 1; lastKnownFileType = text.xcconfig; name = "Pods-Flix.debug.xcconfig"; path = "Target Support Files/Pods-Flix/Pods-Flix.debug.xcconfig"; sourceTree = "<group>"; };
		32C2684730FD296DEA8738DB /* Pods_FlixTests.framework */ = {isa = PBXFileReference; explicitFileType = wrapper.framework; includeInIndex = 0; path = Pods_FlixTests.framework; sourceTree = BUILT_PRODUCTS_DIR; };
		480BC0F82519A1E700611BF3 /* Flix.app */ = {isa = PBXFileReference; explicitFileType = wrapper.application; includeInIndex = 0; path = Flix.app; sourceTree = BUILT_PRODUCTS_DIR; };
		480BC0FB2519A1E700611BF3 /* AppDelegate.swift */ = {isa = PBXFileReference; lastKnownFileType = sourcecode.swift; path = AppDelegate.swift; sourceTree = "<group>"; };
		480BC0FD2519A1E700611BF3 /* SceneDelegate.swift */ = {isa = PBXFileReference; lastKnownFileType = sourcecode.swift; path = SceneDelegate.swift; sourceTree = "<group>"; };
		480BC1022519A1E700611BF3 /* Base */ = {isa = PBXFileReference; lastKnownFileType = file.storyboard; name = Base; path = Base.lproj/Main.storyboard; sourceTree = "<group>"; };
		480BC1042519A1E800611BF3 /* Assets.xcassets */ = {isa = PBXFileReference; lastKnownFileType = folder.assetcatalog; path = Assets.xcassets; sourceTree = "<group>"; };
		480BC1072519A1E800611BF3 /* Base */ = {isa = PBXFileReference; lastKnownFileType = file.storyboard; name = Base; path = Base.lproj/LaunchScreen.storyboard; sourceTree = "<group>"; };
		480BC1092519A1E800611BF3 /* Info.plist */ = {isa = PBXFileReference; lastKnownFileType = text.plist.xml; path = Info.plist; sourceTree = "<group>"; };
		480BC10E2519A1E800611BF3 /* FlixTests.xctest */ = {isa = PBXFileReference; explicitFileType = wrapper.cfbundle; includeInIndex = 0; path = FlixTests.xctest; sourceTree = BUILT_PRODUCTS_DIR; };
		480BC1122519A1E800611BF3 /* FlixTests.swift */ = {isa = PBXFileReference; lastKnownFileType = sourcecode.swift; path = FlixTests.swift; sourceTree = "<group>"; };
		480BC1142519A1E800611BF3 /* Info.plist */ = {isa = PBXFileReference; lastKnownFileType = text.plist.xml; path = Info.plist; sourceTree = "<group>"; };
		480BC1192519A1E800611BF3 /* FlixUITests.xctest */ = {isa = PBXFileReference; explicitFileType = wrapper.cfbundle; includeInIndex = 0; path = FlixUITests.xctest; sourceTree = BUILT_PRODUCTS_DIR; };
		480BC11D2519A1E800611BF3 /* FlixUITests.swift */ = {isa = PBXFileReference; lastKnownFileType = sourcecode.swift; path = FlixUITests.swift; sourceTree = "<group>"; };
		480BC11F2519A1E800611BF3 /* Info.plist */ = {isa = PBXFileReference; lastKnownFileType = text.plist.xml; path = Info.plist; sourceTree = "<group>"; };
		480BC1312519AA1100611BF3 /* MoviesViewController.swift */ = {isa = PBXFileReference; lastKnownFileType = sourcecode.swift; path = MoviesViewController.swift; sourceTree = "<group>"; };
		480BC1392519B21D00611BF3 /* MovieCell.swift */ = {isa = PBXFileReference; lastKnownFileType = sourcecode.swift; path = MovieCell.swift; sourceTree = "<group>"; };
		48198B9F2522543700F4563F /* MovieDetailsViewController.swift */ = {isa = PBXFileReference; lastKnownFileType = sourcecode.swift; path = MovieDetailsViewController.swift; sourceTree = "<group>"; };
		4833D3062524DDF800B8894A /* MovieGridViewController.swift */ = {isa = PBXFileReference; lastKnownFileType = sourcecode.swift; path = MovieGridViewController.swift; sourceTree = "<group>"; };
		4833D30B2524E82100B8894A /* MovieGridCell.swift */ = {isa = PBXFileReference; lastKnownFileType = sourcecode.swift; path = MovieGridCell.swift; sourceTree = "<group>"; };
		5A17A5CCE72A214E96D4888B /* Pods-Flix-FlixUITests.release.xcconfig */ = {isa = PBXFileReference; includeInIndex = 1; lastKnownFileType = text.xcconfig; name = "Pods-Flix-FlixUITests.release.xcconfig"; path = "Target Support Files/Pods-Flix-FlixUITests/Pods-Flix-FlixUITests.release.xcconfig"; sourceTree = "<group>"; };
		6B3840E1D1217541E4FF8F74 /* Pods_Flix.framework */ = {isa = PBXFileReference; explicitFileType = wrapper.framework; includeInIndex = 0; path = Pods_Flix.framework; sourceTree = BUILT_PRODUCTS_DIR; };
		85F8C9E96BD8E531073640CC /* Pods-Flix.release.xcconfig */ = {isa = PBXFileReference; includeInIndex = 1; lastKnownFileType = text.xcconfig; name = "Pods-Flix.release.xcconfig"; path = "Target Support Files/Pods-Flix/Pods-Flix.release.xcconfig"; sourceTree = "<group>"; };
		8933E0458215BCD82E9520F2 /* Pods-FlixTests.release.xcconfig */ = {isa = PBXFileReference; includeInIndex = 1; lastKnownFileType = text.xcconfig; name = "Pods-FlixTests.release.xcconfig"; path = "Target Support Files/Pods-FlixTests/Pods-FlixTests.release.xcconfig"; sourceTree = "<group>"; };
		93250B3FE04D61B25EC84474 /* Pods-Flix-FlixUITests.debug.xcconfig */ = {isa = PBXFileReference; includeInIndex = 1; lastKnownFileType = text.xcconfig; name = "Pods-Flix-FlixUITests.debug.xcconfig"; path = "Target Support Files/Pods-Flix-FlixUITests/Pods-Flix-FlixUITests.debug.xcconfig"; sourceTree = "<group>"; };
		94AD06ECC5140E7D409D6F47 /* Pods_Flix_FlixUITests.framework */ = {isa = PBXFileReference; explicitFileType = wrapper.framework; includeInIndex = 0; path = Pods_Flix_FlixUITests.framework; sourceTree = BUILT_PRODUCTS_DIR; };
		9F3F5ABABDF5FFD5C9EA2ACC /* Pods-FlixTests.debug.xcconfig */ = {isa = PBXFileReference; includeInIndex = 1; lastKnownFileType = text.xcconfig; name = "Pods-FlixTests.debug.xcconfig"; path = "Target Support Files/Pods-FlixTests/Pods-FlixTests.debug.xcconfig"; sourceTree = "<group>"; };
/* End PBXFileReference section */

/* Begin PBXFrameworksBuildPhase section */
		480BC0F52519A1E700611BF3 /* Frameworks */ = {
			isa = PBXFrameworksBuildPhase;
			buildActionMask = 2147483647;
			files = (
				A87F3B132451D897827EE256 /* Pods_Flix.framework in Frameworks */,
			);
			runOnlyForDeploymentPostprocessing = 0;
		};
		480BC10B2519A1E800611BF3 /* Frameworks */ = {
			isa = PBXFrameworksBuildPhase;
			buildActionMask = 2147483647;
			files = (
				E039C94C549F8670D9E2F638 /* Pods_FlixTests.framework in Frameworks */,
			);
			runOnlyForDeploymentPostprocessing = 0;
		};
		480BC1162519A1E800611BF3 /* Frameworks */ = {
			isa = PBXFrameworksBuildPhase;
			buildActionMask = 2147483647;
			files = (
				667D8503029087450BC67A89 /* Pods_Flix_FlixUITests.framework in Frameworks */,
			);
			runOnlyForDeploymentPostprocessing = 0;
		};
/* End PBXFrameworksBuildPhase section */

/* Begin PBXGroup section */
		480BC0EF2519A1E700611BF3 = {
			isa = PBXGroup;
			children = (
				480BC0FA2519A1E700611BF3 /* Flix */,
				480BC1112519A1E800611BF3 /* FlixTests */,
				480BC11C2519A1E800611BF3 /* FlixUITests */,
				480BC0F92519A1E700611BF3 /* Products */,
				E5E0D8DA5337CF4DB2D38274 /* Pods */,
				E3F72F4EEA783B6CA6B94B5E /* Frameworks */,
			);
			sourceTree = "<group>";
		};
		480BC0F92519A1E700611BF3 /* Products */ = {
			isa = PBXGroup;
			children = (
				480BC0F82519A1E700611BF3 /* Flix.app */,
				480BC10E2519A1E800611BF3 /* FlixTests.xctest */,
				480BC1192519A1E800611BF3 /* FlixUITests.xctest */,
			);
			name = Products;
			sourceTree = "<group>";
		};
		480BC0FA2519A1E700611BF3 /* Flix */ = {
			isa = PBXGroup;
			children = (
				480BC0FB2519A1E700611BF3 /* AppDelegate.swift */,
				480BC0FD2519A1E700611BF3 /* SceneDelegate.swift */,
				480BC1012519A1E700611BF3 /* Main.storyboard */,
				4833D3062524DDF800B8894A /* MovieGridViewController.swift */,
				480BC1312519AA1100611BF3 /* MoviesViewController.swift */,
				480BC1392519B21D00611BF3 /* MovieCell.swift */,
				48198B9F2522543700F4563F /* MovieDetailsViewController.swift */,
				480BC1042519A1E800611BF3 /* Assets.xcassets */,
				480BC1062519A1E800611BF3 /* LaunchScreen.storyboard */,
				480BC1092519A1E800611BF3 /* Info.plist */,
				4833D30B2524E82100B8894A /* MovieGridCell.swift */,
			);
			path = Flix;
			sourceTree = "<group>";
		};
		480BC1112519A1E800611BF3 /* FlixTests */ = {
			isa = PBXGroup;
			children = (
				480BC1122519A1E800611BF3 /* FlixTests.swift */,
				480BC1142519A1E800611BF3 /* Info.plist */,
			);
			path = FlixTests;
			sourceTree = "<group>";
		};
		480BC11C2519A1E800611BF3 /* FlixUITests */ = {
			isa = PBXGroup;
			children = (
				480BC11D2519A1E800611BF3 /* FlixUITests.swift */,
				480BC11F2519A1E800611BF3 /* Info.plist */,
			);
			path = FlixUITests;
			sourceTree = "<group>";
		};
		E3F72F4EEA783B6CA6B94B5E /* Frameworks */ = {
			isa = PBXGroup;
			children = (
				6B3840E1D1217541E4FF8F74 /* Pods_Flix.framework */,
				94AD06ECC5140E7D409D6F47 /* Pods_Flix_FlixUITests.framework */,
				32C2684730FD296DEA8738DB /* Pods_FlixTests.framework */,
			);
			name = Frameworks;
			sourceTree = "<group>";
		};
		E5E0D8DA5337CF4DB2D38274 /* Pods */ = {
			isa = PBXGroup;
			children = (
				161790F2033B1F7B7BD42AB3 /* Pods-Flix.debug.xcconfig */,
				85F8C9E96BD8E531073640CC /* Pods-Flix.release.xcconfig */,
				93250B3FE04D61B25EC84474 /* Pods-Flix-FlixUITests.debug.xcconfig */,
				5A17A5CCE72A214E96D4888B /* Pods-Flix-FlixUITests.release.xcconfig */,
				9F3F5ABABDF5FFD5C9EA2ACC /* Pods-FlixTests.debug.xcconfig */,
				8933E0458215BCD82E9520F2 /* Pods-FlixTests.release.xcconfig */,
			);
			path = Pods;
			sourceTree = "<group>";
		};
/* End PBXGroup section */

/* Begin PBXNativeTarget section */
		480BC0F72519A1E700611BF3 /* Flix */ = {
			isa = PBXNativeTarget;
			buildConfigurationList = 480BC1222519A1E800611BF3 /* Build configuration list for PBXNativeTarget "Flix" */;
			buildPhases = (
				4BE672B53430BBE467F4848D /* [CP] Check Pods Manifest.lock */,
				480BC0F42519A1E700611BF3 /* Sources */,
				480BC0F52519A1E700611BF3 /* Frameworks */,
				480BC0F62519A1E700611BF3 /* Resources */,
				5B6388AE394FF30BA960E171 /* [CP] Embed Pods Frameworks */,
			);
			buildRules = (
			);
			dependencies = (
			);
			name = Flix;
			productName = Flix;
			productReference = 480BC0F82519A1E700611BF3 /* Flix.app */;
			productType = "com.apple.product-type.application";
		};
		480BC10D2519A1E800611BF3 /* FlixTests */ = {
			isa = PBXNativeTarget;
			buildConfigurationList = 480BC1252519A1E800611BF3 /* Build configuration list for PBXNativeTarget "FlixTests" */;
			buildPhases = (
				8E06F0FD2FA3A3613BA42C4D /* [CP] Check Pods Manifest.lock */,
				480BC10A2519A1E800611BF3 /* Sources */,
				480BC10B2519A1E800611BF3 /* Frameworks */,
				480BC10C2519A1E800611BF3 /* Resources */,
			);
			buildRules = (
			);
			dependencies = (
				480BC1102519A1E800611BF3 /* PBXTargetDependency */,
			);
			name = FlixTests;
			productName = FlixTests;
			productReference = 480BC10E2519A1E800611BF3 /* FlixTests.xctest */;
			productType = "com.apple.product-type.bundle.unit-test";
		};
		480BC1182519A1E800611BF3 /* FlixUITests */ = {
			isa = PBXNativeTarget;
			buildConfigurationList = 480BC1282519A1E800611BF3 /* Build configuration list for PBXNativeTarget "FlixUITests" */;
			buildPhases = (
				B0127ACF98FC980090CA4CC7 /* [CP] Check Pods Manifest.lock */,
				480BC1152519A1E800611BF3 /* Sources */,
				480BC1162519A1E800611BF3 /* Frameworks */,
				480BC1172519A1E800611BF3 /* Resources */,
				68A253ECBA3FD98A12B5E447 /* [CP] Embed Pods Frameworks */,
			);
			buildRules = (
			);
			dependencies = (
				480BC11B2519A1E800611BF3 /* PBXTargetDependency */,
			);
			name = FlixUITests;
			productName = FlixUITests;
			productReference = 480BC1192519A1E800611BF3 /* FlixUITests.xctest */;
			productType = "com.apple.product-type.bundle.ui-testing";
		};
/* End PBXNativeTarget section */

/* Begin PBXProject section */
		480BC0F02519A1E700611BF3 /* Project object */ = {
			isa = PBXProject;
			attributes = {
				LastSwiftUpdateCheck = 1200;
				LastUpgradeCheck = 1200;
				TargetAttributes = {
					480BC0F72519A1E700611BF3 = {
						CreatedOnToolsVersion = 12.0;
					};
					480BC10D2519A1E800611BF3 = {
						CreatedOnToolsVersion = 12.0;
						TestTargetID = 480BC0F72519A1E700611BF3;
					};
					480BC1182519A1E800611BF3 = {
						CreatedOnToolsVersion = 12.0;
						TestTargetID = 480BC0F72519A1E700611BF3;
					};
				};
			};
			buildConfigurationList = 480BC0F32519A1E700611BF3 /* Build configuration list for PBXProject "Flix" */;
			compatibilityVersion = "Xcode 9.3";
			developmentRegion = en;
			hasScannedForEncodings = 0;
			knownRegions = (
				en,
				Base,
			);
			mainGroup = 480BC0EF2519A1E700611BF3;
			productRefGroup = 480BC0F92519A1E700611BF3 /* Products */;
			projectDirPath = "";
			projectRoot = "";
			targets = (
				480BC0F72519A1E700611BF3 /* Flix */,
				480BC10D2519A1E800611BF3 /* FlixTests */,
				480BC1182519A1E800611BF3 /* FlixUITests */,
			);
		};
/* End PBXProject section */

/* Begin PBXResourcesBuildPhase section */
		480BC0F62519A1E700611BF3 /* Resources */ = {
			isa = PBXResourcesBuildPhase;
			buildActionMask = 2147483647;
			files = (
				480BC1082519A1E800611BF3 /* LaunchScreen.storyboard in Resources */,
				480BC1052519A1E800611BF3 /* Assets.xcassets in Resources */,
				480BC1032519A1E700611BF3 /* Main.storyboard in Resources */,
			);
			runOnlyForDeploymentPostprocessing = 0;
		};
		480BC10C2519A1E800611BF3 /* Resources */ = {
			isa = PBXResourcesBuildPhase;
			buildActionMask = 2147483647;
			files = (
			);
			runOnlyForDeploymentPostprocessing = 0;
		};
		480BC1172519A1E800611BF3 /* Resources */ = {
			isa = PBXResourcesBuildPhase;
			buildActionMask = 2147483647;
			files = (
			);
			runOnlyForDeploymentPostprocessing = 0;
		};
/* End PBXResourcesBuildPhase section */

/* Begin PBXShellScriptBuildPhase section */
		4BE672B53430BBE467F4848D /* [CP] Check Pods Manifest.lock */ = {
			isa = PBXShellScriptBuildPhase;
			buildActionMask = 2147483647;
			files = (
			);
			inputFileListPaths = (
			);
			inputPaths = (
				"${PODS_PODFILE_DIR_PATH}/Podfile.lock",
				"${PODS_ROOT}/Manifest.lock",
			);
			name = "[CP] Check Pods Manifest.lock";
			outputFileListPaths = (
			);
			outputPaths = (
				"$(DERIVED_FILE_DIR)/Pods-Flix-checkManifestLockResult.txt",
			);
			runOnlyForDeploymentPostprocessing = 0;
			shellPath = /bin/sh;
			shellScript = "diff \"${PODS_PODFILE_DIR_PATH}/Podfile.lock\" \"${PODS_ROOT}/Manifest.lock\" > /dev/null\nif [ $? != 0 ] ; then\n    # print error to STDERR\n    echo \"error: The sandbox is not in sync with the Podfile.lock. Run 'pod install' or update your CocoaPods installation.\" >&2\n    exit 1\nfi\n# This output is used by Xcode 'outputs' to avoid re-running this script phase.\necho \"SUCCESS\" > \"${SCRIPT_OUTPUT_FILE_0}\"\n";
			showEnvVarsInLog = 0;
		};
		5B6388AE394FF30BA960E171 /* [CP] Embed Pods Frameworks */ = {
			isa = PBXShellScriptBuildPhase;
			buildActionMask = 2147483647;
			files = (
			);
			inputFileListPaths = (
				"${PODS_ROOT}/Target Support Files/Pods-Flix/Pods-Flix-frameworks-${CONFIGURATION}-input-files.xcfilelist",
			);
			name = "[CP] Embed Pods Frameworks";
			outputFileListPaths = (
				"${PODS_ROOT}/Target Support Files/Pods-Flix/Pods-Flix-frameworks-${CONFIGURATION}-output-files.xcfilelist",
			);
			runOnlyForDeploymentPostprocessing = 0;
			shellPath = /bin/sh;
			shellScript = "\"${PODS_ROOT}/Target Support Files/Pods-Flix/Pods-Flix-frameworks.sh\"\n";
			showEnvVarsInLog = 0;
		};
		68A253ECBA3FD98A12B5E447 /* [CP] Embed Pods Frameworks */ = {
			isa = PBXShellScriptBuildPhase;
			buildActionMask = 2147483647;
			files = (
			);
			inputFileListPaths = (
				"${PODS_ROOT}/Target Support Files/Pods-Flix-FlixUITests/Pods-Flix-FlixUITests-frameworks-${CONFIGURATION}-input-files.xcfilelist",
			);
			name = "[CP] Embed Pods Frameworks";
			outputFileListPaths = (
				"${PODS_ROOT}/Target Support Files/Pods-Flix-FlixUITests/Pods-Flix-FlixUITests-frameworks-${CONFIGURATION}-output-files.xcfilelist",
			);
			runOnlyForDeploymentPostprocessing = 0;
			shellPath = /bin/sh;
			shellScript = "\"${PODS_ROOT}/Target Support Files/Pods-Flix-FlixUITests/Pods-Flix-FlixUITests-frameworks.sh\"\n";
			showEnvVarsInLog = 0;
		};
		8E06F0FD2FA3A3613BA42C4D /* [CP] Check Pods Manifest.lock */ = {
			isa = PBXShellScriptBuildPhase;
			buildActionMask = 2147483647;
			files = (
			);
			inputFileListPaths = (
			);
			inputPaths = (
				"${PODS_PODFILE_DIR_PATH}/Podfile.lock",
				"${PODS_ROOT}/Manifest.lock",
			);
			name = "[CP] Check Pods Manifest.lock";
			outputFileListPaths = (
			);
			outputPaths = (
				"$(DERIVED_FILE_DIR)/Pods-FlixTests-checkManifestLockResult.txt",
			);
			runOnlyForDeploymentPostprocessing = 0;
			shellPath = /bin/sh;
			shellScript = "diff \"${PODS_PODFILE_DIR_PATH}/Podfile.lock\" \"${PODS_ROOT}/Manifest.lock\" > /dev/null\nif [ $? != 0 ] ; then\n    # print error to STDERR\n    echo \"error: The sandbox is not in sync with the Podfile.lock. Run 'pod install' or update your CocoaPods installation.\" >&2\n    exit 1\nfi\n# This output is used by Xcode 'outputs' to avoid re-running this script phase.\necho \"SUCCESS\" > \"${SCRIPT_OUTPUT_FILE_0}\"\n";
			showEnvVarsInLog = 0;
		};
		B0127ACF98FC980090CA4CC7 /* [CP] Check Pods Manifest.lock */ = {
			isa = PBXShellScriptBuildPhase;
			buildActionMask = 2147483647;
			files = (
			);
			inputFileListPaths = (
			);
			inputPaths = (
				"${PODS_PODFILE_DIR_PATH}/Podfile.lock",
				"${PODS_ROOT}/Manifest.lock",
			);
			name = "[CP] Check Pods Manifest.lock";
			outputFileListPaths = (
			);
			outputPaths = (
				"$(DERIVED_FILE_DIR)/Pods-Flix-FlixUITests-checkManifestLockResult.txt",
			);
			runOnlyForDeploymentPostprocessing = 0;
			shellPath = /bin/sh;
			shellScript = "diff \"${PODS_PODFILE_DIR_PATH}/Podfile.lock\" \"${PODS_ROOT}/Manifest.lock\" > /dev/null\nif [ $? != 0 ] ; then\n    # print error to STDERR\n    echo \"error: The sandbox is not in sync with the Podfile.lock. Run 'pod install' or update your CocoaPods installation.\" >&2\n    exit 1\nfi\n# This output is used by Xcode 'outputs' to avoid re-running this script phase.\necho \"SUCCESS\" > \"${SCRIPT_OUTPUT_FILE_0}\"\n";
			showEnvVarsInLog = 0;
		};
/* End PBXShellScriptBuildPhase section */

/* Begin PBXSourcesBuildPhase section */
		480BC0F42519A1E700611BF3 /* Sources */ = {
			isa = PBXSourcesBuildPhase;
			buildActionMask = 2147483647;
			files = (
				48198BA02522543700F4563F /* MovieDetailsViewController.swift in Sources */,
				480BC0FC2519A1E700611BF3 /* AppDelegate.swift in Sources */,
				480BC0FE2519A1E700611BF3 /* SceneDelegate.swift in Sources */,
				480BC13A2519B21D00611BF3 /* MovieCell.swift in Sources */,
				480BC1322519AA1100611BF3 /* MoviesViewController.swift in Sources */,
				4833D3072524DDF800B8894A /* MovieGridViewController.swift in Sources */,
				4833D30C2524E82100B8894A /* MovieGridCell.swift in Sources */,
			);
			runOnlyForDeploymentPostprocessing = 0;
		};
		480BC10A2519A1E800611BF3 /* Sources */ = {
			isa = PBXSourcesBuildPhase;
			buildActionMask = 2147483647;
			files = (
				480BC1132519A1E800611BF3 /* FlixTests.swift in Sources */,
			);
			runOnlyForDeploymentPostprocessing = 0;
		};
		480BC1152519A1E800611BF3 /* Sources */ = {
			isa = PBXSourcesBuildPhase;
			buildActionMask = 2147483647;
			files = (
				480BC11E2519A1E800611BF3 /* FlixUITests.swift in Sources */,
			);
			runOnlyForDeploymentPostprocessing = 0;
		};
/* End PBXSourcesBuildPhase section */

/* Begin PBXTargetDependency section */
		480BC1102519A1E800611BF3 /* PBXTargetDependency */ = {
			isa = PBXTargetDependency;
			target = 480BC0F72519A1E700611BF3 /* Flix */;
			targetProxy = 480BC10F2519A1E800611BF3 /* PBXContainerItemProxy */;
		};
		480BC11B2519A1E800611BF3 /* PBXTargetDependency */ = {
			isa = PBXTargetDependency;
			target = 480BC0F72519A1E700611BF3 /* Flix */;
			targetProxy = 480BC11A2519A1E800611BF3 /* PBXContainerItemProxy */;
		};
/* End PBXTargetDependency section */

/* Begin PBXVariantGroup section */
		480BC1012519A1E700611BF3 /* Main.storyboard */ = {
			isa = PBXVariantGroup;
			children = (
				480BC1022519A1E700611BF3 /* Base */,
			);
			name = Main.storyboard;
			sourceTree = "<group>";
		};
		480BC1062519A1E800611BF3 /* LaunchScreen.storyboard */ = {
			isa = PBXVariantGroup;
			children = (
				480BC1072519A1E800611BF3 /* Base */,
			);
			name = LaunchScreen.storyboard;
			sourceTree = "<group>";
		};
/* End PBXVariantGroup section */

/* Begin XCBuildConfiguration section */
		480BC1202519A1E800611BF3 /* Debug */ = {
			isa = XCBuildConfiguration;
			buildSettings = {
				ALWAYS_SEARCH_USER_PATHS = NO;
				CLANG_ANALYZER_NONNULL = YES;
				CLANG_ANALYZER_NUMBER_OBJECT_CONVERSION = YES_AGGRESSIVE;
				CLANG_CXX_LANGUAGE_STANDARD = "gnu++14";
				CLANG_CXX_LIBRARY = "libc++";
				CLANG_ENABLE_MODULES = YES;
				CLANG_ENABLE_OBJC_ARC = YES;
				CLANG_ENABLE_OBJC_WEAK = YES;
				CLANG_WARN_BLOCK_CAPTURE_AUTORELEASING = YES;
				CLANG_WARN_BOOL_CONVERSION = YES;
				CLANG_WARN_COMMA = YES;
				CLANG_WARN_CONSTANT_CONVERSION = YES;
				CLANG_WARN_DEPRECATED_OBJC_IMPLEMENTATIONS = YES;
				CLANG_WARN_DIRECT_OBJC_ISA_USAGE = YES_ERROR;
				CLANG_WARN_DOCUMENTATION_COMMENTS = YES;
				CLANG_WARN_EMPTY_BODY = YES;
				CLANG_WARN_ENUM_CONVERSION = YES;
				CLANG_WARN_INFINITE_RECURSION = YES;
				CLANG_WARN_INT_CONVERSION = YES;
				CLANG_WARN_NON_LITERAL_NULL_CONVERSION = YES;
				CLANG_WARN_OBJC_IMPLICIT_RETAIN_SELF = YES;
				CLANG_WARN_OBJC_LITERAL_CONVERSION = YES;
				CLANG_WARN_OBJC_ROOT_CLASS = YES_ERROR;
				CLANG_WARN_QUOTED_INCLUDE_IN_FRAMEWORK_HEADER = YES;
				CLANG_WARN_RANGE_LOOP_ANALYSIS = YES;
				CLANG_WARN_STRICT_PROTOTYPES = YES;
				CLANG_WARN_SUSPICIOUS_MOVE = YES;
				CLANG_WARN_UNGUARDED_AVAILABILITY = YES_AGGRESSIVE;
				CLANG_WARN_UNREACHABLE_CODE = YES;
				CLANG_WARN__DUPLICATE_METHOD_MATCH = YES;
				COPY_PHASE_STRIP = NO;
				DEBUG_INFORMATION_FORMAT = dwarf;
				ENABLE_STRICT_OBJC_MSGSEND = YES;
				ENABLE_TESTABILITY = YES;
				GCC_C_LANGUAGE_STANDARD = gnu11;
				GCC_DYNAMIC_NO_PIC = NO;
				GCC_NO_COMMON_BLOCKS = YES;
				GCC_OPTIMIZATION_LEVEL = 0;
				GCC_PREPROCESSOR_DEFINITIONS = (
					"DEBUG=1",
					"$(inherited)",
				);
				GCC_WARN_64_TO_32_BIT_CONVERSION = YES;
				GCC_WARN_ABOUT_RETURN_TYPE = YES_ERROR;
				GCC_WARN_UNDECLARED_SELECTOR = YES;
				GCC_WARN_UNINITIALIZED_AUTOS = YES_AGGRESSIVE;
				GCC_WARN_UNUSED_FUNCTION = YES;
				GCC_WARN_UNUSED_VARIABLE = YES;
				IPHONEOS_DEPLOYMENT_TARGET = 14.0;
				MTL_ENABLE_DEBUG_INFO = INCLUDE_SOURCE;
				MTL_FAST_MATH = YES;
				ONLY_ACTIVE_ARCH = YES;
				SDKROOT = iphoneos;
				SWIFT_ACTIVE_COMPILATION_CONDITIONS = DEBUG;
				SWIFT_OPTIMIZATION_LEVEL = "-Onone";
			};
			name = Debug;
		};
		480BC1212519A1E800611BF3 /* Release */ = {
			isa = XCBuildConfiguration;
			buildSettings = {
				ALWAYS_SEARCH_USER_PATHS = NO;
				CLANG_ANALYZER_NONNULL = YES;
				CLANG_ANALYZER_NUMBER_OBJECT_CONVERSION = YES_AGGRESSIVE;
				CLANG_CXX_LANGUAGE_STANDARD = "gnu++14";
				CLANG_CXX_LIBRARY = "libc++";
				CLANG_ENABLE_MODULES = YES;
				CLANG_ENABLE_OBJC_ARC = YES;
				CLANG_ENABLE_OBJC_WEAK = YES;
				CLANG_WARN_BLOCK_CAPTURE_AUTORELEASING = YES;
				CLANG_WARN_BOOL_CONVERSION = YES;
				CLANG_WARN_COMMA = YES;
				CLANG_WARN_CONSTANT_CONVERSION = YES;
				CLANG_WARN_DEPRECATED_OBJC_IMPLEMENTATIONS = YES;
				CLANG_WARN_DIRECT_OBJC_ISA_USAGE = YES_ERROR;
				CLANG_WARN_DOCUMENTATION_COMMENTS = YES;
				CLANG_WARN_EMPTY_BODY = YES;
				CLANG_WARN_ENUM_CONVERSION = YES;
				CLANG_WARN_INFINITE_RECURSION = YES;
				CLANG_WARN_INT_CONVERSION = YES;
				CLANG_WARN_NON_LITERAL_NULL_CONVERSION = YES;
				CLANG_WARN_OBJC_IMPLICIT_RETAIN_SELF = YES;
				CLANG_WARN_OBJC_LITERAL_CONVERSION = YES;
				CLANG_WARN_OBJC_ROOT_CLASS = YES_ERROR;
				CLANG_WARN_QUOTED_INCLUDE_IN_FRAMEWORK_HEADER = YES;
				CLANG_WARN_RANGE_LOOP_ANALYSIS = YES;
				CLANG_WARN_STRICT_PROTOTYPES = YES;
				CLANG_WARN_SUSPICIOUS_MOVE = YES;
				CLANG_WARN_UNGUARDED_AVAILABILITY = YES_AGGRESSIVE;
				CLANG_WARN_UNREACHABLE_CODE = YES;
				CLANG_WARN__DUPLICATE_METHOD_MATCH = YES;
				COPY_PHASE_STRIP = NO;
				DEBUG_INFORMATION_FORMAT = "dwarf-with-dsym";
				ENABLE_NS_ASSERTIONS = NO;
				ENABLE_STRICT_OBJC_MSGSEND = YES;
				GCC_C_LANGUAGE_STANDARD = gnu11;
				GCC_NO_COMMON_BLOCKS = YES;
				GCC_WARN_64_TO_32_BIT_CONVERSION = YES;
				GCC_WARN_ABOUT_RETURN_TYPE = YES_ERROR;
				GCC_WARN_UNDECLARED_SELECTOR = YES;
				GCC_WARN_UNINITIALIZED_AUTOS = YES_AGGRESSIVE;
				GCC_WARN_UNUSED_FUNCTION = YES;
				GCC_WARN_UNUSED_VARIABLE = YES;
				IPHONEOS_DEPLOYMENT_TARGET = 14.0;
				MTL_ENABLE_DEBUG_INFO = NO;
				MTL_FAST_MATH = YES;
				SDKROOT = iphoneos;
				SWIFT_COMPILATION_MODE = wholemodule;
				SWIFT_OPTIMIZATION_LEVEL = "-O";
				VALIDATE_PRODUCT = YES;
			};
			name = Release;
		};
		480BC1232519A1E800611BF3 /* Debug */ = {
			isa = XCBuildConfiguration;
			baseConfigurationReference = 161790F2033B1F7B7BD42AB3 /* Pods-Flix.debug.xcconfig */;
			buildSettings = {
				ASSETCATALOG_COMPILER_APPICON_NAME = AppIcon;
				ASSETCATALOG_COMPILER_GLOBAL_ACCENT_COLOR_NAME = AccentColor;
				CODE_SIGN_STYLE = Automatic;
				DEVELOPMENT_TEAM = 7G9293FBQG;
				INFOPLIST_FILE = Flix/Info.plist;
				LD_RUNPATH_SEARCH_PATHS = (
					"$(inherited)",
					"@executable_path/Frameworks",
				);
				PRODUCT_BUNDLE_IDENTIFIER = com.hotmail.tahaafzal5.Flix;
				PRODUCT_NAME = "$(TARGET_NAME)";
				SWIFT_VERSION = 5.0;
				TARGETED_DEVICE_FAMILY = "1,2";
			};
			name = Debug;
		};
		480BC1242519A1E800611BF3 /* Release */ = {
			isa = XCBuildConfiguration;
			baseConfigurationReference = 85F8C9E96BD8E531073640CC /* Pods-Flix.release.xcconfig */;
			buildSettings = {
				ASSETCATALOG_COMPILER_APPICON_NAME = AppIcon;
				ASSETCATALOG_COMPILER_GLOBAL_ACCENT_COLOR_NAME = AccentColor;
				CODE_SIGN_STYLE = Automatic;
				DEVELOPMENT_TEAM = 7G9293FBQG;
				INFOPLIST_FILE = Flix/Info.plist;
				LD_RUNPATH_SEARCH_PATHS = (
					"$(inherited)",
					"@executable_path/Frameworks",
				);
				PRODUCT_BUNDLE_IDENTIFIER = com.hotmail.tahaafzal5.Flix;
				PRODUCT_NAME = "$(TARGET_NAME)";
				SWIFT_VERSION = 5.0;
				TARGETED_DEVICE_FAMILY = "1,2";
			};
			name = Release;
		};
		480BC1262519A1E800611BF3 /* Debug */ = {
			isa = XCBuildConfiguration;
			baseConfigurationReference = 9F3F5ABABDF5FFD5C9EA2ACC /* Pods-FlixTests.debug.xcconfig */;
			buildSettings = {
				ALWAYS_EMBED_SWIFT_STANDARD_LIBRARIES = YES;
				BUNDLE_LOADER = "$(TEST_HOST)";
				CODE_SIGN_STYLE = Automatic;
				DEVELOPMENT_TEAM = 7G9293FBQG;
				INFOPLIST_FILE = FlixTests/Info.plist;
				IPHONEOS_DEPLOYMENT_TARGET = 14.0;
				LD_RUNPATH_SEARCH_PATHS = (
					"$(inherited)",
					"@executable_path/Frameworks",
					"@loader_path/Frameworks",
				);
				PRODUCT_BUNDLE_IDENTIFIER = com.hotmail.tahaafzal5.FlixTests;
				PRODUCT_NAME = "$(TARGET_NAME)";
				SWIFT_VERSION = 5.0;
				TARGETED_DEVICE_FAMILY = "1,2";
				TEST_HOST = "$(BUILT_PRODUCTS_DIR)/Flix.app/Flix";
			};
			name = Debug;
		};
		480BC1272519A1E800611BF3 /* Release */ = {
			isa = XCBuildConfiguration;
			baseConfigurationReference = 8933E0458215BCD82E9520F2 /* Pods-FlixTests.release.xcconfig */;
			buildSettings = {
				ALWAYS_EMBED_SWIFT_STANDARD_LIBRARIES = YES;
				BUNDLE_LOADER = "$(TEST_HOST)";
				CODE_SIGN_STYLE = Automatic;
				DEVELOPMENT_TEAM = 7G9293FBQG;
				INFOPLIST_FILE = FlixTests/Info.plist;
				IPHONEOS_DEPLOYMENT_TARGET = 14.0;
				LD_RUNPATH_SEARCH_PATHS = (
					"$(inherited)",
					"@executable_path/Frameworks",
					"@loader_path/Frameworks",
				);
				PRODUCT_BUNDLE_IDENTIFIER = com.hotmail.tahaafzal5.FlixTests;
				PRODUCT_NAME = "$(TARGET_NAME)";
				SWIFT_VERSION = 5.0;
				TARGETED_DEVICE_FAMILY = "1,2";
				TEST_HOST = "$(BUILT_PRODUCTS_DIR)/Flix.app/Flix";
			};
			name = Release;
		};
		480BC1292519A1E800611BF3 /* Debug */ = {
			isa = XCBuildConfiguration;
			baseConfigurationReference = 93250B3FE04D61B25EC84474 /* Pods-Flix-FlixUITests.debug.xcconfig */;
			buildSettings = {
				ALWAYS_EMBED_SWIFT_STANDARD_LIBRARIES = YES;
				CODE_SIGN_STYLE = Automatic;
				DEVELOPMENT_TEAM = 7G9293FBQG;
				INFOPLIST_FILE = FlixUITests/Info.plist;
				LD_RUNPATH_SEARCH_PATHS = (
					"$(inherited)",
					"@executable_path/Frameworks",
					"@loader_path/Frameworks",
				);
				PRODUCT_BUNDLE_IDENTIFIER = com.hotmail.tahaafzal5.FlixUITests;
				PRODUCT_NAME = "$(TARGET_NAME)";
				SWIFT_VERSION = 5.0;
				TARGETED_DEVICE_FAMILY = "1,2";
				TEST_TARGET_NAME = Flix;
			};
			name = Debug;
		};
		480BC12A2519A1E800611BF3 /* Release */ = {
			isa = XCBuildConfiguration;
			baseConfigurationReference = 5A17A5CCE72A214E96D4888B /* Pods-Flix-FlixUITests.release.xcconfig */;
			buildSettings = {
				ALWAYS_EMBED_SWIFT_STANDARD_LIBRARIES = YES;
				CODE_SIGN_STYLE = Automatic;
				DEVELOPMENT_TEAM = 7G9293FBQG;
				INFOPLIST_FILE = FlixUITests/Info.plist;
				LD_RUNPATH_SEARCH_PATHS = (
					"$(inherited)",
					"@executable_path/Frameworks",
					"@loader_path/Frameworks",
				);
				PRODUCT_BUNDLE_IDENTIFIER = com.hotmail.tahaafzal5.FlixUITests;
				PRODUCT_NAME = "$(TARGET_NAME)";
				SWIFT_VERSION = 5.0;
				TARGETED_DEVICE_FAMILY = "1,2";
				TEST_TARGET_NAME = Flix;
			};
			name = Release;
		};
/* End XCBuildConfiguration section */

/* Begin XCConfigurationList section */
		480BC0F32519A1E700611BF3 /* Build configuration list for PBXProject "Flix" */ = {
			isa = XCConfigurationList;
			buildConfigurations = (
				480BC1202519A1E800611BF3 /* Debug */,
				480BC1212519A1E800611BF3 /* Release */,
			);
			defaultConfigurationIsVisible = 0;
			defaultConfigurationName = Release;
		};
		480BC1222519A1E800611BF3 /* Build configuration list for PBXNativeTarget "Flix" */ = {
			isa = XCConfigurationList;
			buildConfigurations = (
				480BC1232519A1E800611BF3 /* Debug */,
				480BC1242519A1E800611BF3 /* Release */,
			);
			defaultConfigurationIsVisible = 0;
			defaultConfigurationName = Release;
		};
		480BC1252519A1E800611BF3 /* Build configuration list for PBXNativeTarget "FlixTests" */ = {
			isa = XCConfigurationList;
			buildConfigurations = (
				480BC1262519A1E800611BF3 /* Debug */,
				480BC1272519A1E800611BF3 /* Release */,
			);
			defaultConfigurationIsVisible = 0;
			defaultConfigurationName = Release;
		};
		480BC1282519A1E800611BF3 /* Build configuration list for PBXNativeTarget "FlixUITests" */ = {
			isa = XCConfigurationList;
			buildConfigurations = (
				480BC1292519A1E800611BF3 /* Debug */,
				480BC12A2519A1E800611BF3 /* Release */,
			);
			defaultConfigurationIsVisible = 0;
			defaultConfigurationName = Release;
		};
/* End XCConfigurationList section */
	};
	rootObject = 480BC0F02519A1E700611BF3 /* Project object */;
}
